
Microsoft Visual Studio Solution File, Format Version 12.00
# Visual Studio Version 17
VisualStudioVersion = 17.6.33723.286
MinimumVisualStudioVersion = 10.0.40219.1
Project("{F184B08F-C81C-45F6-A57F-5ABD9991F28F}") = "Block Repair Parts", "Block Repair Parts\Block Repair Parts.vbproj", "{D3A2101A-1E46-4A25-A0C2-0743B8F23BBB}"
EndProject
Global
	GlobalSection(SolutionConfigurationPlatforms) = preSolution
		Debug|Any CPU = Debug|Any CPU
		Release|Any CPU = Release|Any CPU
	EndGlobalSection
	GlobalSection(ProjectConfigurationPlatforms) = postSolution
		{D3A2101A-1E46-4A25-A0C2-0743B8F23BBB}.Debug|Any CPU.ActiveCfg = Debug|Any CPU
		{D3A2101A-1E46-4A25-A0C2-0743B8F23BBB}.Debug|Any CPU.Build.0 = Debug|Any CPU
		{D3A2101A-1E46-4A25-A0C2-0743B8F23BBB}.Release|Any CPU.ActiveCfg = Release|Any CPU
		{D3A2101A-1E46-4A25-A0C2-0743B8F23BBB}.Release|Any CPU.Build.0 = Release|Any CPU
	EndGlobalSection
	GlobalSection(SolutionProperties) = preSolution
		HideSolutionNode = FALSE
	EndGlobalSection
	GlobalSection(ExtensibilityGlobals) = postSolution
		SolutionGuid = {6E17DAC0-A734-4C5D-BA92-378D3A410900}
	EndGlobalSection
EndGlobal
